
Microsoft Visual Studio Solution File, Format Version 12.00
# Visual Studio Version 17
VisualStudioVersion = 17.0.31903.59
MinimumVisualStudioVersion = 10.0.40219.1
Project("{2150E333-8FDC-42A3-9474-1A3956D46DE8}") = "src", "src", "{4592D7D7-294C-42DD-BC4C-4B610CB98998}"
EndProject
Project("{FAE04EC0-301F-11D3-BF4B-00C04F79EFBC}") = "Application", "src\Application\Application.csproj", "{32BAF31B-391F-4757-AC2E-A3B908A314F2}"
EndProject
Project("{FAE04EC0-301F-11D3-BF4B-00C04F79EFBC}") = "Domain", "src\Domain\Domain.csproj", "{A7B11CD1-79D8-416B-BF7B-CECC6DFB8AC7}"
EndProject
Project("{FAE04EC0-301F-11D3-BF4B-00C04F79EFBC}") = "Infrastructure", "src\Infrastructure\Infrastructure.csproj", "{000807EC-1DDC-4CB0-A0D3-760A14C2E4BC}"
EndProject
Project("{FAE04EC0-301F-11D3-BF4B-00C04F79EFBC}") = "WebUI", "src\WebUI\WebUI.csproj", "{711030BC-0100-4B9B-A02E-BB83532678DD}"
EndProject
Global
	GlobalSection(SolutionConfigurationPlatforms) = preSolution
		Debug|Any CPU = Debug|Any CPU
		Release|Any CPU = Release|Any CPU
	EndGlobalSection
	GlobalSection(SolutionProperties) = preSolution
		HideSolutionNode = FALSE
	EndGlobalSection
	GlobalSection(ProjectConfigurationPlatforms) = postSolution
		{32BAF31B-391F-4757-AC2E-A3B908A314F2}.Debug|Any CPU.ActiveCfg = Debug|Any CPU
		{32BAF31B-391F-4757-AC2E-A3B908A314F2}.Debug|Any CPU.Build.0 = Debug|Any CPU
		{32BAF31B-391F-4757-AC2E-A3B908A314F2}.Release|Any CPU.ActiveCfg = Release|Any CPU
		{32BAF31B-391F-4757-AC2E-A3B908A314F2}.Release|Any CPU.Build.0 = Release|Any CPU
		{A7B11CD1-79D8-416B-BF7B-CECC6DFB8AC7}.Debug|Any CPU.ActiveCfg = Debug|Any CPU
		{A7B11CD1-79D8-416B-BF7B-CECC6DFB8AC7}.Debug|Any CPU.Build.0 = Debug|Any CPU
		{A7B11CD1-79D8-416B-BF7B-CECC6DFB8AC7}.Release|Any CPU.ActiveCfg = Release|Any CPU
		{A7B11CD1-79D8-416B-BF7B-CECC6DFB8AC7}.Release|Any CPU.Build.0 = Release|Any CPU
		{000807EC-1DDC-4CB0-A0D3-760A14C2E4BC}.Debug|Any CPU.ActiveCfg = Debug|Any CPU
		{000807EC-1DDC-4CB0-A0D3-760A14C2E4BC}.Debug|Any CPU.Build.0 = Debug|Any CPU
		{000807EC-1DDC-4CB0-A0D3-760A14C2E4BC}.Release|Any CPU.ActiveCfg = Release|Any CPU
		{000807EC-1DDC-4CB0-A0D3-760A14C2E4BC}.Release|Any CPU.Build.0 = Release|Any CPU
		{711030BC-0100-4B9B-A02E-BB83532678DD}.Debug|Any CPU.ActiveCfg = Debug|Any CPU
		{711030BC-0100-4B9B-A02E-BB83532678DD}.Debug|Any CPU.Build.0 = Debug|Any CPU
		{711030BC-0100-4B9B-A02E-BB83532678DD}.Release|Any CPU.ActiveCfg = Release|Any CPU
		{711030BC-0100-4B9B-A02E-BB83532678DD}.Release|Any CPU.Build.0 = Release|Any CPU
	EndGlobalSection
	GlobalSection(NestedProjects) = preSolution
		{32BAF31B-391F-4757-AC2E-A3B908A314F2} = {4592D7D7-294C-42DD-BC4C-4B610CB98998}
		{A7B11CD1-79D8-416B-BF7B-CECC6DFB8AC7} = {4592D7D7-294C-42DD-BC4C-4B610CB98998}
		{000807EC-1DDC-4CB0-A0D3-760A14C2E4BC} = {4592D7D7-294C-42DD-BC4C-4B610CB98998}
		{711030BC-0100-4B9B-A02E-BB83532678DD} = {4592D7D7-294C-42DD-BC4C-4B610CB98998}
	EndGlobalSection
EndGlobal
